
Microsoft Visual Studio Solution File, Format Version 12.00
# Visual Studio 14
VisualStudioVersion = 14.0.25420.1
MinimumVisualStudioVersion = 10.0.40219.1
Project("{FAE04EC0-301F-11D3-BF4B-00C04F79EFBC}") = "SunGallery", "SunGallery\SunGallery.csproj", "{1F70A132-6D72-44B1-BA97-6A54933EB224}"
EndProject
Project("{FAE04EC0-301F-11D3-BF4B-00C04F79EFBC}") = "SunGallery.Tests", "SunGallery.Tests\SunGallery.Tests.csproj", "{78D55ACE-C3E9-4192-9BA8-155E3757E65C}"
EndProject
Global
	GlobalSection(SolutionConfigurationPlatforms) = preSolution
		Debug|Any CPU = Debug|Any CPU
		Release|Any CPU = Release|Any CPU
	EndGlobalSection
	GlobalSection(ProjectConfigurationPlatforms) = postSolution
		{1F70A132-6D72-44B1-BA97-6A54933EB224}.Debug|Any CPU.ActiveCfg = Debug|Any CPU
		{1F70A132-6D72-44B1-BA97-6A54933EB224}.Debug|Any CPU.Build.0 = Debug|Any CPU
		{1F70A132-6D72-44B1-BA97-6A54933EB224}.Release|Any CPU.ActiveCfg = Release|Any CPU
		{1F70A132-6D72-44B1-BA97-6A54933EB224}.Release|Any CPU.Build.0 = Release|Any CPU
		{78D55ACE-C3E9-4192-9BA8-155E3757E65C}.Debug|Any CPU.ActiveCfg = Debug|Any CPU
		{78D55ACE-C3E9-4192-9BA8-155E3757E65C}.Debug|Any CPU.Build.0 = Debug|Any CPU
		{78D55ACE-C3E9-4192-9BA8-155E3757E65C}.Release|Any CPU.ActiveCfg = Release|Any CPU
		{78D55ACE-C3E9-4192-9BA8-155E3757E65C}.Release|Any CPU.Build.0 = Release|Any CPU
	EndGlobalSection
	GlobalSection(SolutionProperties) = preSolution
		HideSolutionNode = FALSE
	EndGlobalSection
EndGlobal
